
Microsoft Visual Studio Solution File, Format Version 12.00
# Visual Studio 2013
VisualStudioVersion = 12.0.21005.1
MinimumVisualStudioVersion = 10.0.40219.1
Project("{FAE04EC0-301F-11D3-BF4B-00C04F79EFBC}") = "ENEStock.Web", "ENEStock.Web\ENEStock.Web.csproj", "{A75A10FB-1740-4BD1-B100-114ABCFDD655}"
EndProject
Project("{FAE04EC0-301F-11D3-BF4B-00C04F79EFBC}") = "ENEStock.Service", "ENEStock.Service\ENEStock.Service.csproj", "{8F0CBD42-E36F-497D-9647-4CA7F104F4C5}"
EndProject
Project("{FAE04EC0-301F-11D3-BF4B-00C04F79EFBC}") = "ENEStock.IService", "ENEStock.IService\ENEStock.IService.csproj", "{CD7127BB-F9B3-49E8-86DA-0FFF6B790C4F}"
EndProject
Project("{FAE04EC0-301F-11D3-BF4B-00C04F79EFBC}") = "ENEStock.Repository", "ENEStock.Repository\ENEStock.Repository.csproj", "{18F9AAE7-3F38-4F01-AE88-932367A797A6}"
EndProject
Project("{FAE04EC0-301F-11D3-BF4B-00C04F79EFBC}") = "ENEStock.IRepository", "ENEStock.IRepository\ENEStock.IRepository.csproj", "{1FD66159-A2A7-4865-B67B-6BB273F37AEA}"
EndProject
Project("{FAE04EC0-301F-11D3-BF4B-00C04F79EFBC}") = "ENEStock.Model", "ENEStock.Model\ENEStock.Model.csproj", "{7ECA34F5-414D-485F-A8FE-90D9A3D88501}"
EndProject
Project("{FAE04EC0-301F-11D3-BF4B-00C04F79EFBC}") = "ENEStock.Common", "ENEStock.Common\ENEStock.Common.csproj", "{284B5120-7E60-4B46-8200-3AF1933CB4E1}"
EndProject
Project("{2150E333-8FDC-42A3-9474-1A3956D46DE8}") = "Repository", "Repository", "{30C0B290-6EAA-47DC-8728-1B70F730EF1D}"
EndProject
Project("{2150E333-8FDC-42A3-9474-1A3956D46DE8}") = "Service", "Service", "{919FB701-9962-43AB-AE54-5DBCA2BC80C0}"
EndProject
Project("{2150E333-8FDC-42A3-9474-1A3956D46DE8}") = "Common", "Common", "{C95B4774-7FB9-4A46-88BC-A651006E28A5}"
EndProject
Project("{2150E333-8FDC-42A3-9474-1A3956D46DE8}") = "Web", "Web", "{CB3B751E-A83D-4C42-BCBD-3D08216BDECE}"
EndProject
Global
	GlobalSection(SolutionConfigurationPlatforms) = preSolution
		Debug|Any CPU = Debug|Any CPU
		Release|Any CPU = Release|Any CPU
	EndGlobalSection
	GlobalSection(ProjectConfigurationPlatforms) = postSolution
		{A75A10FB-1740-4BD1-B100-114ABCFDD655}.Debug|Any CPU.ActiveCfg = Debug|Any CPU
		{A75A10FB-1740-4BD1-B100-114ABCFDD655}.Debug|Any CPU.Build.0 = Debug|Any CPU
		{A75A10FB-1740-4BD1-B100-114ABCFDD655}.Release|Any CPU.ActiveCfg = Release|Any CPU
		{A75A10FB-1740-4BD1-B100-114ABCFDD655}.Release|Any CPU.Build.0 = Release|Any CPU
		{8F0CBD42-E36F-497D-9647-4CA7F104F4C5}.Debug|Any CPU.ActiveCfg = Debug|Any CPU
		{8F0CBD42-E36F-497D-9647-4CA7F104F4C5}.Debug|Any CPU.Build.0 = Debug|Any CPU
		{8F0CBD42-E36F-497D-9647-4CA7F104F4C5}.Release|Any CPU.ActiveCfg = Release|Any CPU
		{8F0CBD42-E36F-497D-9647-4CA7F104F4C5}.Release|Any CPU.Build.0 = Release|Any CPU
		{CD7127BB-F9B3-49E8-86DA-0FFF6B790C4F}.Debug|Any CPU.ActiveCfg = Debug|Any CPU
		{CD7127BB-F9B3-49E8-86DA-0FFF6B790C4F}.Debug|Any CPU.Build.0 = Debug|Any CPU
		{CD7127BB-F9B3-49E8-86DA-0FFF6B790C4F}.Release|Any CPU.ActiveCfg = Release|Any CPU
		{CD7127BB-F9B3-49E8-86DA-0FFF6B790C4F}.Release|Any CPU.Build.0 = Release|Any CPU
		{18F9AAE7-3F38-4F01-AE88-932367A797A6}.Debug|Any CPU.ActiveCfg = Debug|Any CPU
		{18F9AAE7-3F38-4F01-AE88-932367A797A6}.Debug|Any CPU.Build.0 = Debug|Any CPU
		{18F9AAE7-3F38-4F01-AE88-932367A797A6}.Release|Any CPU.ActiveCfg = Release|Any CPU
		{18F9AAE7-3F38-4F01-AE88-932367A797A6}.Release|Any CPU.Build.0 = Release|Any CPU
		{1FD66159-A2A7-4865-B67B-6BB273F37AEA}.Debug|Any CPU.ActiveCfg = Debug|Any CPU
		{1FD66159-A2A7-4865-B67B-6BB273F37AEA}.Debug|Any CPU.Build.0 = Debug|Any CPU
		{1FD66159-A2A7-4865-B67B-6BB273F37AEA}.Release|Any CPU.ActiveCfg = Release|Any CPU
		{1FD66159-A2A7-4865-B67B-6BB273F37AEA}.Release|Any CPU.Build.0 = Release|Any CPU
		{7ECA34F5-414D-485F-A8FE-90D9A3D88501}.Debug|Any CPU.ActiveCfg = Debug|Any CPU
		{7ECA34F5-414D-485F-A8FE-90D9A3D88501}.Debug|Any CPU.Build.0 = Debug|Any CPU
		{7ECA34F5-414D-485F-A8FE-90D9A3D88501}.Release|Any CPU.ActiveCfg = Release|Any CPU
		{7ECA34F5-414D-485F-A8FE-90D9A3D88501}.Release|Any CPU.Build.0 = Release|Any CPU
		{284B5120-7E60-4B46-8200-3AF1933CB4E1}.Debug|Any CPU.ActiveCfg = Debug|Any CPU
		{284B5120-7E60-4B46-8200-3AF1933CB4E1}.Debug|Any CPU.Build.0 = Debug|Any CPU
		{284B5120-7E60-4B46-8200-3AF1933CB4E1}.Release|Any CPU.ActiveCfg = Release|Any CPU
		{284B5120-7E60-4B46-8200-3AF1933CB4E1}.Release|Any CPU.Build.0 = Release|Any CPU
	EndGlobalSection
	GlobalSection(SolutionProperties) = preSolution
		HideSolutionNode = FALSE
	EndGlobalSection
	GlobalSection(NestedProjects) = preSolution
		{1FD66159-A2A7-4865-B67B-6BB273F37AEA} = {30C0B290-6EAA-47DC-8728-1B70F730EF1D}
		{18F9AAE7-3F38-4F01-AE88-932367A797A6} = {30C0B290-6EAA-47DC-8728-1B70F730EF1D}
		{CD7127BB-F9B3-49E8-86DA-0FFF6B790C4F} = {919FB701-9962-43AB-AE54-5DBCA2BC80C0}
		{8F0CBD42-E36F-497D-9647-4CA7F104F4C5} = {919FB701-9962-43AB-AE54-5DBCA2BC80C0}
		{284B5120-7E60-4B46-8200-3AF1933CB4E1} = {C95B4774-7FB9-4A46-88BC-A651006E28A5}
		{7ECA34F5-414D-485F-A8FE-90D9A3D88501} = {C95B4774-7FB9-4A46-88BC-A651006E28A5}
		{A75A10FB-1740-4BD1-B100-114ABCFDD655} = {CB3B751E-A83D-4C42-BCBD-3D08216BDECE}
	EndGlobalSection
EndGlobal
